<Solution>
  <Folder Name="/root/">
    <File Path=".gitignore" />
    <File Path="README.md" />
  </Folder>
  <Folder Name="/src/">
    <Project Path="src/InstantAIGate.Cli/InstantAIGate.Cli.csproj" />
    <Project Path="src/InstantAIGate.Core/InstantAIGate.Core.csproj" />
    <Project Path="src/InstantAIGate.Native/InstantAIGate.Native.csproj" />
    <Project Path="src/InstantAIGate.Server/InstantAIGate.Server.csproj" />
    <Project Path="src/InstantAIGate.SSR/InstantAIGate.SSR.csproj" />
  </Folder>
  <Folder Name="/tests/">
    <File Path=".gitkeep" />
    <Project Path="test/InstantAIGate.Core.Tests/InstantAIGate.Core.Tests.csproj" Id="1abdfb26-4157-486d-ab81-ba85c91b37f7" />
  </Folder>
</Solution>
